
Microsoft Visual Studio Solution File, Format Version 12.00
# Visual Studio Version 16
VisualStudioVersion = 16.0.29613.14
MinimumVisualStudioVersion = 10.0.40219.1
Project("{9A19103F-16F7-4668-BE54-9A1E7A4F7556}") = "sisbase", "sisbase.csproj", "{491F23BF-AB09-461C-942C-54E8BE235CFA}"
EndProject
Project("{FAE04EC0-301F-11D3-BF4B-00C04F79EFBC}") = "sisbase.Test", "sisbase.Test\sisbase.Test.csproj", "{471C0E3D-599C-4529-BA69-82731E99AC3A}"
EndProject
Global
	GlobalSection(SolutionConfigurationPlatforms) = preSolution
		Debug|Any CPU = Debug|Any CPU
		Release|Any CPU = Release|Any CPU
	EndGlobalSection
	GlobalSection(ProjectConfigurationPlatforms) = postSolution
		{491F23BF-AB09-461C-942C-54E8BE235CFA}.Debug|Any CPU.ActiveCfg = Debug|Any CPU
		{491F23BF-AB09-461C-942C-54E8BE235CFA}.Debug|Any CPU.Build.0 = Debug|Any CPU
		{491F23BF-AB09-461C-942C-54E8BE235CFA}.Release|Any CPU.ActiveCfg = Release|Any CPU
		{491F23BF-AB09-461C-942C-54E8BE235CFA}.Release|Any CPU.Build.0 = Release|Any CPU
		{471C0E3D-599C-4529-BA69-82731E99AC3A}.Debug|Any CPU.ActiveCfg = Debug|Any CPU
		{471C0E3D-599C-4529-BA69-82731E99AC3A}.Debug|Any CPU.Build.0 = Debug|Any CPU
		{471C0E3D-599C-4529-BA69-82731E99AC3A}.Release|Any CPU.ActiveCfg = Release|Any CPU
		{471C0E3D-599C-4529-BA69-82731E99AC3A}.Release|Any CPU.Build.0 = Release|Any CPU
	EndGlobalSection
	GlobalSection(SolutionProperties) = preSolution
		HideSolutionNode = FALSE
	EndGlobalSection
	GlobalSection(ExtensibilityGlobals) = postSolution
		SolutionGuid = {6E85EA42-6C0A-4727-BAF9-B87AD7AF5A38}
	EndGlobalSection
EndGlobal
